<?xml version="1.0" encoding="utf-8"?>
<Project ToolsVersion="4.0" xmlns="http://schemas.microsoft.com/developer/msbuild/2003">
  <ItemGroup>
    <FxCompile Include="DebugPixelShader.hlsl" />
    <FxCompile Include="DebugVertexShader.hlsl" />
    <FxCompile Include="DiffuseNormalPixelShader.hlsl" />
    <FxCompile Include="DiffuseNormalVertexShader.hlsl" />
    <FxCompile Include="DiffusePixelShader.hlsl" />
    <FxCompile Include="DiffuseVertexShader.hlsl" />
    <FxCompile Include="Shaders\UIPixelShader.hlsl" />
    <FxCompile Include="Shaders\UIVertexShader.hlsl" />
  </ItemGroup>
  <ItemGroup>
    <ClCompile Include="Behavior.cpp" />
    <ClCompile Include="Camera.cpp" />
    <ClCompile Include="CoreEngine.cpp" />
    <ClCompile Include="dxerr.cpp" />
    <ClCompile Include="EulerIntegrator.cpp" />
    <ClCompile Include="GameObject.cpp" />
    <ClCompile Include="GameTimer.cpp" />
    <ClCompile Include="InputManager.cpp" />
    <ClCompile Include="Integrator.cpp" />
    <ClCompile Include="Material.cpp" />
    <ClCompile Include="Mesh.cpp" />
    <ClCompile Include="ParticleSystem.cpp" />
    <ClCompile Include="PhysicsEngine.cpp" />
    <ClCompile Include="RenderEngine.cpp" />
    <ClCompile Include="RigidBody.cpp" />
    <ClCompile Include="SimpleShader.cpp" />
    <ClCompile Include="Transform.cpp" />
    <ClCompile Include="UI.cpp" />
  </ItemGroup>
  <ItemGroup>
    <ClInclude Include="Behavior.h" />
    <ClInclude Include="Camera.h" />
    <ClInclude Include="CoreEngine.h" />
    <ClInclude Include="dxerr.h" />
    <ClInclude Include="EulerIntegrator.h" />
    <ClInclude Include="GameObject.h" />
    <ClInclude Include="GameTimer.h" />
    <ClInclude Include="InputManager.h" />
    <ClInclude Include="Integrator.h" />
    <ClInclude Include="Lighting.h" />
    <ClInclude Include="Material.h" />
    <ClInclude Include="Mesh.h" />
    <ClInclude Include="ParticleSystem.h" />
    <ClInclude Include="PhysicsEngine.h" />
    <ClInclude Include="RenderEngine.h" />
    <ClInclude Include="RigidBody.h" />
    <ClInclude Include="SimpleShader.h" />
    <ClInclude Include="Transform.h" />
    <ClInclude Include="UI.h" />
    <ClInclude Include="Vertex.h" />
  </ItemGroup>
</Project>